
Microsoft Visual Studio Solution File, Format Version 12.00
# Visual Studio Version 17
VisualStudioVersion = 17.0.31903.59
MinimumVisualStudioVersion = 10.0.40219.1
Project("{FAE04EC0-301F-11D3-BF4B-00C04F79EFBC}") = "catalog-api", "catalog-api\catalog-api.csproj", "{4AAF2EA3-76E6-4300-830C-24E26BE2152F}"
EndProject
Project("{FAE04EC0-301F-11D3-BF4B-00C04F79EFBC}") = "orders-api", "orders-api\orders-api.csproj", "{C6134B97-44A5-42DB-B4F2-3CF5E84AC6BD}"
EndProject
Project("{FAE04EC0-301F-11D3-BF4B-00C04F79EFBC}") = "storefront-api", "storefront-api\storefront-api.csproj", "{DE2412A8-1637-4AA7-8901-BE91193D7215}"
EndProject
Project("{FAE04EC0-301F-11D3-BF4B-00C04F79EFBC}") = "catalog-api.Tests", "catalog-api\tests\catalog-api.Tests.csproj", "{EAA2AFF7-A8E9-42D4-823E-8798259E561C}"
EndProject
Project("{FAE04EC0-301F-11D3-BF4B-00C04F79EFBC}") = "orders-api.Tests", "orders-api\tests\orders-api.Tests.csproj", "{1663ECCD-8D23-4D89-ABEC-629B34379106}"
EndProject
Project("{FAE04EC0-301F-11D3-BF4B-00C04F79EFBC}") = "storefront-api.Tests", "storefront-api\tests\storefront-api.Tests.csproj", "{17EAAD26-16C0-46AE-8FC1-0115BA18DD58}"
EndProject
Global
	GlobalSection(SolutionConfigurationPlatforms) = preSolution
		Debug|Any CPU = Debug|Any CPU
		Debug|x64 = Debug|x64
		Debug|x86 = Debug|x86
		Release|Any CPU = Release|Any CPU
		Release|x64 = Release|x64
		Release|x86 = Release|x86
	EndGlobalSection
	GlobalSection(ProjectConfigurationPlatforms) = postSolution
		{4AAF2EA3-76E6-4300-830C-24E26BE2152F}.Debug|Any CPU.ActiveCfg = Debug|Any CPU
		{4AAF2EA3-76E6-4300-830C-24E26BE2152F}.Debug|Any CPU.Build.0 = Debug|Any CPU
		{4AAF2EA3-76E6-4300-830C-24E26BE2152F}.Debug|x64.ActiveCfg = Debug|Any CPU
		{4AAF2EA3-76E6-4300-830C-24E26BE2152F}.Debug|x64.Build.0 = Debug|Any CPU
		{4AAF2EA3-76E6-4300-830C-24E26BE2152F}.Debug|x86.ActiveCfg = Debug|Any CPU
		{4AAF2EA3-76E6-4300-830C-24E26BE2152F}.Debug|x86.Build.0 = Debug|Any CPU
		{4AAF2EA3-76E6-4300-830C-24E26BE2152F}.Release|Any CPU.ActiveCfg = Release|Any CPU
		{4AAF2EA3-76E6-4300-830C-24E26BE2152F}.Release|Any CPU.Build.0 = Release|Any CPU
		{4AAF2EA3-76E6-4300-830C-24E26BE2152F}.Release|x64.ActiveCfg = Release|Any CPU
		{4AAF2EA3-76E6-4300-830C-24E26BE2152F}.Release|x64.Build.0 = Release|Any CPU
		{4AAF2EA3-76E6-4300-830C-24E26BE2152F}.Release|x86.ActiveCfg = Release|Any CPU
		{4AAF2EA3-76E6-4300-830C-24E26BE2152F}.Release|x86.Build.0 = Release|Any CPU
		{C6134B97-44A5-42DB-B4F2-3CF5E84AC6BD}.Debug|Any CPU.ActiveCfg = Debug|Any CPU
		{C6134B97-44A5-42DB-B4F2-3CF5E84AC6BD}.Debug|Any CPU.Build.0 = Debug|Any CPU
		{C6134B97-44A5-42DB-B4F2-3CF5E84AC6BD}.Debug|x64.ActiveCfg = Debug|Any CPU
		{C6134B97-44A5-42DB-B4F2-3CF5E84AC6BD}.Debug|x64.Build.0 = Debug|Any CPU
		{C6134B97-44A5-42DB-B4F2-3CF5E84AC6BD}.Debug|x86.ActiveCfg = Debug|Any CPU
		{C6134B97-44A5-42DB-B4F2-3CF5E84AC6BD}.Debug|x86.Build.0 = Debug|Any CPU
		{C6134B97-44A5-42DB-B4F2-3CF5E84AC6BD}.Release|Any CPU.ActiveCfg = Release|Any CPU
		{C6134B97-44A5-42DB-B4F2-3CF5E84AC6BD}.Release|Any CPU.Build.0 = Release|Any CPU
		{C6134B97-44A5-42DB-B4F2-3CF5E84AC6BD}.Release|x64.ActiveCfg = Release|Any CPU
		{C6134B97-44A5-42DB-B4F2-3CF5E84AC6BD}.Release|x64.Build.0 = Release|Any CPU
		{C6134B97-44A5-42DB-B4F2-3CF5E84AC6BD}.Release|x86.ActiveCfg = Release|Any CPU
		{C6134B97-44A5-42DB-B4F2-3CF5E84AC6BD}.Release|x86.Build.0 = Release|Any CPU
		{DE2412A8-1637-4AA7-8901-BE91193D7215}.Debug|Any CPU.ActiveCfg = Debug|Any CPU
		{DE2412A8-1637-4AA7-8901-BE91193D7215}.Debug|Any CPU.Build.0 = Debug|Any CPU
		{DE2412A8-1637-4AA7-8901-BE91193D7215}.Debug|x64.ActiveCfg = Debug|Any CPU
		{DE2412A8-1637-4AA7-8901-BE91193D7215}.Debug|x64.Build.0 = Debug|Any CPU
		{DE2412A8-1637-4AA7-8901-BE91193D7215}.Debug|x86.ActiveCfg = Debug|Any CPU
		{DE2412A8-1637-4AA7-8901-BE91193D7215}.Debug|x86.Build.0 = Debug|Any CPU
		{DE2412A8-1637-4AA7-8901-BE91193D7215}.Release|Any CPU.ActiveCfg = Release|Any CPU
		{DE2412A8-1637-4AA7-8901-BE91193D7215}.Release|Any CPU.Build.0 = Release|Any CPU
		{DE2412A8-1637-4AA7-8901-BE91193D7215}.Release|x64.ActiveCfg = Release|Any CPU
		{DE2412A8-1637-4AA7-8901-BE91193D7215}.Release|x64.Build.0 = Release|Any CPU
		{DE2412A8-1637-4AA7-8901-BE91193D7215}.Release|x86.ActiveCfg = Release|Any CPU
		{DE2412A8-1637-4AA7-8901-BE91193D7215}.Release|x86.Build.0 = Release|Any CPU
		{EAA2AFF7-A8E9-42D4-823E-8798259E561C}.Debug|Any CPU.ActiveCfg = Debug|Any CPU
		{EAA2AFF7-A8E9-42D4-823E-8798259E561C}.Debug|Any CPU.Build.0 = Debug|Any CPU
		{EAA2AFF7-A8E9-42D4-823E-8798259E561C}.Debug|x64.ActiveCfg = Debug|Any CPU
		{EAA2AFF7-A8E9-42D4-823E-8798259E561C}.Debug|x64.Build.0 = Debug|Any CPU
		{EAA2AFF7-A8E9-42D4-823E-8798259E561C}.Debug|x86.ActiveCfg = Debug|Any CPU
		{EAA2AFF7-A8E9-42D4-823E-8798259E561C}.Debug|x86.Build.0 = Debug|Any CPU
		{EAA2AFF7-A8E9-42D4-823E-8798259E561C}.Release|Any CPU.ActiveCfg = Release|Any CPU
		{EAA2AFF7-A8E9-42D4-823E-8798259E561C}.Release|Any CPU.Build.0 = Release|Any CPU
		{EAA2AFF7-A8E9-42D4-823E-8798259E561C}.Release|x64.ActiveCfg = Release|Any CPU
		{EAA2AFF7-A8E9-42D4-823E-8798259E561C}.Release|x64.Build.0 = Release|Any CPU
		{EAA2AFF7-A8E9-42D4-823E-8798259E561C}.Release|x86.ActiveCfg = Release|Any CPU
		{EAA2AFF7-A8E9-42D4-823E-8798259E561C}.Release|x86.Build.0 = Release|Any CPU
		{1663ECCD-8D23-4D89-ABEC-629B34379106}.Debug|Any CPU.ActiveCfg = Debug|Any CPU
		{1663ECCD-8D23-4D89-ABEC-629B34379106}.Debug|Any CPU.Build.0 = Debug|Any CPU
		{1663ECCD-8D23-4D89-ABEC-629B34379106}.Debug|x64.ActiveCfg = Debug|Any CPU
		{1663ECCD-8D23-4D89-ABEC-629B34379106}.Debug|x64.Build.0 = Debug|Any CPU
		{1663ECCD-8D23-4D89-ABEC-629B34379106}.Debug|x86.ActiveCfg = Debug|Any CPU
		{1663ECCD-8D23-4D89-ABEC-629B34379106}.Debug|x86.Build.0 = Debug|Any CPU
		{1663ECCD-8D23-4D89-ABEC-629B34379106}.Release|Any CPU.ActiveCfg = Release|Any CPU
		{1663ECCD-8D23-4D89-ABEC-629B34379106}.Release|Any CPU.Build.0 = Release|Any CPU
		{1663ECCD-8D23-4D89-ABEC-629B34379106}.Release|x64.ActiveCfg = Release|Any CPU
		{1663ECCD-8D23-4D89-ABEC-629B34379106}.Release|x64.Build.0 = Release|Any CPU
		{1663ECCD-8D23-4D89-ABEC-629B34379106}.Release|x86.ActiveCfg = Release|Any CPU
		{1663ECCD-8D23-4D89-ABEC-629B34379106}.Release|x86.Build.0 = Release|Any CPU
		{17EAAD26-16C0-46AE-8FC1-0115BA18DD58}.Debug|Any CPU.ActiveCfg = Debug|Any CPU
		{17EAAD26-16C0-46AE-8FC1-0115BA18DD58}.Debug|Any CPU.Build.0 = Debug|Any CPU
		{17EAAD26-16C0-46AE-8FC1-0115BA18DD58}.Debug|x64.ActiveCfg = Debug|Any CPU
		{17EAAD26-16C0-46AE-8FC1-0115BA18DD58}.Debug|x64.Build.0 = Debug|Any CPU
		{17EAAD26-16C0-46AE-8FC1-0115BA18DD58}.Debug|x86.ActiveCfg = Debug|Any CPU
		{17EAAD26-16C0-46AE-8FC1-0115BA18DD58}.Debug|x86.Build.0 = Debug|Any CPU
		{17EAAD26-16C0-46AE-8FC1-0115BA18DD58}.Release|Any CPU.ActiveCfg = Release|Any CPU
		{17EAAD26-16C0-46AE-8FC1-0115BA18DD58}.Release|Any CPU.Build.0 = Release|Any CPU
		{17EAAD26-16C0-46AE-8FC1-0115BA18DD58}.Release|x64.ActiveCfg = Release|Any CPU
		{17EAAD26-16C0-46AE-8FC1-0115BA18DD58}.Release|x64.Build.0 = Release|Any CPU
		{17EAAD26-16C0-46AE-8FC1-0115BA18DD58}.Release|x86.ActiveCfg = Release|Any CPU
		{17EAAD26-16C0-46AE-8FC1-0115BA18DD58}.Release|x86.Build.0 = Release|Any CPU
	EndGlobalSection
	GlobalSection(SolutionProperties) = preSolution
		HideSolutionNode = FALSE
	EndGlobalSection
EndGlobal
